
Microsoft Visual Studio Solution File, Format Version 12.00
# Visual Studio Version 16
VisualStudioVersion = 16.0.29102.190
MinimumVisualStudioVersion = 10.0.40219.1
Project("{FAE04EC0-301F-11D3-BF4B-00C04F79EFBC}") = "PieShop", "WebApplication1\PieShop.csproj", "{1CBE0AEC-D7D7-4D8E-9B9F-727959C71E97}"
EndProject
Global
	GlobalSection(SolutionConfigurationPlatforms) = preSolution
		Debug|Any CPU = Debug|Any CPU
		Release|Any CPU = Release|Any CPU
	EndGlobalSection
	GlobalSection(ProjectConfigurationPlatforms) = postSolution
		{1CBE0AEC-D7D7-4D8E-9B9F-727959C71E97}.Debug|Any CPU.ActiveCfg = Debug|Any CPU
		{1CBE0AEC-D7D7-4D8E-9B9F-727959C71E97}.Debug|Any CPU.Build.0 = Debug|Any CPU
		{1CBE0AEC-D7D7-4D8E-9B9F-727959C71E97}.Release|Any CPU.ActiveCfg = Release|Any CPU
		{1CBE0AEC-D7D7-4D8E-9B9F-727959C71E97}.Release|Any CPU.Build.0 = Release|Any CPU
	EndGlobalSection
	GlobalSection(SolutionProperties) = preSolution
		HideSolutionNode = FALSE
	EndGlobalSection
	GlobalSection(ExtensibilityGlobals) = postSolution
		SolutionGuid = {7EAC81D2-DE65-4C9E-B641-462BE01EF1BC}
	EndGlobalSection
EndGlobal
